
Microsoft Visual Studio Solution File, Format Version 12.00
# Visual Studio Version 17
VisualStudioVersion = 17.3.32804.467
MinimumVisualStudioVersion = 10.0.40219.1
Project("{FAE04EC0-301F-11D3-BF4B-00C04F79EFBC}") = "SnakeGame", "SnakeGame\SnakeGame.csproj", "{37E3B057-DF35-45EC-9EBE-5906E8D3BBCE}"
EndProject
Global
	GlobalSection(SolutionConfigurationPlatforms) = preSolution
		Debug|Any CPU = Debug|Any CPU
		Release|Any CPU = Release|Any CPU
	EndGlobalSection
	GlobalSection(ProjectConfigurationPlatforms) = postSolution
		{37E3B057-DF35-45EC-9EBE-5906E8D3BBCE}.Debug|Any CPU.ActiveCfg = Debug|Any CPU
		{37E3B057-DF35-45EC-9EBE-5906E8D3BBCE}.Debug|Any CPU.Build.0 = Debug|Any CPU
		{37E3B057-DF35-45EC-9EBE-5906E8D3BBCE}.Release|Any CPU.ActiveCfg = Release|Any CPU
		{37E3B057-DF35-45EC-9EBE-5906E8D3BBCE}.Release|Any CPU.Build.0 = Release|Any CPU
	EndGlobalSection
	GlobalSection(SolutionProperties) = preSolution
		HideSolutionNode = FALSE
	EndGlobalSection
	GlobalSection(ExtensibilityGlobals) = postSolution
		SolutionGuid = {7F7D8019-E430-471B-9B8D-994620E73351}
	EndGlobalSection
EndGlobal
